
Microsoft Visual Studio Solution File, Format Version 12.00
# Visual Studio Version 17
VisualStudioVersion = 17.5.33424.131
MinimumVisualStudioVersion = 10.0.40219.1
Project("{FAE04EC0-301F-11D3-BF4B-00C04F79EFBC}") = "FirstService", "FirstService\FirstService.csproj", "{E1668DB7-BE3C-420D-A8E9-159154759259}"
EndProject
Global
	GlobalSection(SolutionConfigurationPlatforms) = preSolution
		Debug|Any CPU = Debug|Any CPU
		Release|Any CPU = Release|Any CPU
	EndGlobalSection
	GlobalSection(ProjectConfigurationPlatforms) = postSolution
		{E1668DB7-BE3C-420D-A8E9-159154759259}.Debug|Any CPU.ActiveCfg = Debug|Any CPU
		{E1668DB7-BE3C-420D-A8E9-159154759259}.Debug|Any CPU.Build.0 = Debug|Any CPU
		{E1668DB7-BE3C-420D-A8E9-159154759259}.Release|Any CPU.ActiveCfg = Release|Any CPU
		{E1668DB7-BE3C-420D-A8E9-159154759259}.Release|Any CPU.Build.0 = Release|Any CPU
	EndGlobalSection
	GlobalSection(SolutionProperties) = preSolution
		HideSolutionNode = FALSE
	EndGlobalSection
	GlobalSection(ExtensibilityGlobals) = postSolution
		SolutionGuid = {1F1D1D74-A375-485B-AE89-4A26241C5CB9}
	EndGlobalSection
EndGlobal
