
Microsoft Visual Studio Solution File, Format Version 12.00
# Visual Studio Version 17
VisualStudioVersion = 17.5.33502.453
MinimumVisualStudioVersion = 10.0.40219.1
Project("{FAE04EC0-301F-11D3-BF4B-00C04F79EFBC}") = "TurbineRepair", "TurbineRepair\TurbineRepair.csproj", "{9635C036-D677-4CED-B538-31233E0CABEE}"
EndProject
Global
	GlobalSection(SolutionConfigurationPlatforms) = preSolution
		Debug|Any CPU = Debug|Any CPU
		Release|Any CPU = Release|Any CPU
	EndGlobalSection
	GlobalSection(ProjectConfigurationPlatforms) = postSolution
		{9635C036-D677-4CED-B538-31233E0CABEE}.Debug|Any CPU.ActiveCfg = Debug|Any CPU
		{9635C036-D677-4CED-B538-31233E0CABEE}.Debug|Any CPU.Build.0 = Debug|Any CPU
		{9635C036-D677-4CED-B538-31233E0CABEE}.Release|Any CPU.ActiveCfg = Release|Any CPU
		{9635C036-D677-4CED-B538-31233E0CABEE}.Release|Any CPU.Build.0 = Release|Any CPU
	EndGlobalSection
	GlobalSection(SolutionProperties) = preSolution
		HideSolutionNode = FALSE
	EndGlobalSection
	GlobalSection(ExtensibilityGlobals) = postSolution
		SolutionGuid = {D40BC179-AA6A-4CE7-A40B-50B5BF7615B8}
	EndGlobalSection
EndGlobal
